
Microsoft Visual Studio Solution File, Format Version 12.00
# Visual Studio 15
VisualStudioVersion = 15.0.27130.2020
MinimumVisualStudioVersion = 10.0.40219.1
Project("{8BC9CEB8-8B4A-11D0-8D11-00A0C91BC942}") = "cs32hw4number7", "cs32hw4number7\cs32hw4number7.vcxproj", "{90959F94-72AD-4DAB-BE11-9C5BF437BA20}"
EndProject
Global
	GlobalSection(SolutionConfigurationPlatforms) = preSolution
		Debug|x64 = Debug|x64
		Debug|x86 = Debug|x86
		Release|x64 = Release|x64
		Release|x86 = Release|x86
	EndGlobalSection
	GlobalSection(ProjectConfigurationPlatforms) = postSolution
		{90959F94-72AD-4DAB-BE11-9C5BF437BA20}.Debug|x64.ActiveCfg = Debug|x64
		{90959F94-72AD-4DAB-BE11-9C5BF437BA20}.Debug|x64.Build.0 = Debug|x64
		{90959F94-72AD-4DAB-BE11-9C5BF437BA20}.Debug|x86.ActiveCfg = Debug|Win32
		{90959F94-72AD-4DAB-BE11-9C5BF437BA20}.Debug|x86.Build.0 = Debug|Win32
		{90959F94-72AD-4DAB-BE11-9C5BF437BA20}.Release|x64.ActiveCfg = Release|x64
		{90959F94-72AD-4DAB-BE11-9C5BF437BA20}.Release|x64.Build.0 = Release|x64
		{90959F94-72AD-4DAB-BE11-9C5BF437BA20}.Release|x86.ActiveCfg = Release|Win32
		{90959F94-72AD-4DAB-BE11-9C5BF437BA20}.Release|x86.Build.0 = Release|Win32
	EndGlobalSection
	GlobalSection(SolutionProperties) = preSolution
		HideSolutionNode = FALSE
	EndGlobalSection
	GlobalSection(ExtensibilityGlobals) = postSolution
		SolutionGuid = {0671F5AE-C61F-49CB-A356-D9EE6D47B353}
	EndGlobalSection
EndGlobal
